
Microsoft Visual Studio Solution File, Format Version 12.00
# Visual Studio Version 17
VisualStudioVersion = 17.3.32825.248
MinimumVisualStudioVersion = 10.0.40219.1
Project("{8BC9CEB8-8B4A-11D0-8D11-00A0C91BC942}") = "12-b1-2", "12-b1-2\12-b1-2.vcxproj", "{3E669213-E3B2-4BA7-87A0-7E4F19BA4391}"
EndProject
Project("{8BC9CEB8-8B4A-11D0-8D11-00A0C91BC942}") = "12-b2", "12-b2\12-b2.vcxproj", "{14E04D83-A08F-4D9C-923D-FEDD3B535BBC}"
EndProject
Project("{8BC9CEB8-8B4A-11D0-8D11-00A0C91BC942}") = "12-b3", "12-b3\12-b3.vcxproj", "{61F15B91-5B0A-487B-9B79-0C1F93027C8B}"
EndProject
Project("{8BC9CEB8-8B4A-11D0-8D11-00A0C91BC942}") = "demo", "demo\demo.vcxproj", "{CA4C6BEC-D5B2-4FC4-AC95-35771B1E2730}"
EndProject
Project("{8BC9CEB8-8B4A-11D0-8D11-00A0C91BC942}") = "12-b1-1", "12-b1-1\oop_hw_cpp.vcxproj", "{87588CC4-8E09-49A0-A4F8-32774951ECBC}"
EndProject
Project("{8BC9CEB8-8B4A-11D0-8D11-00A0C91BC942}") = "12-b6", "12-b6\12-b6.vcxproj", "{9D878DE8-EF5D-4FEB-B168-A2DA4A08EFD5}"
EndProject
Project("{8BC9CEB8-8B4A-11D0-8D11-00A0C91BC942}") = "12-b5-1", "12-b5-1\12-b5-1.vcxproj", "{D04B46C2-8045-4AA9-8E2F-B1EE359CED78}"
EndProject
Project("{8BC9CEB8-8B4A-11D0-8D11-00A0C91BC942}") = "12-b5-2", "12-b5-2\12-b5-2.vcxproj", "{9C25B504-9C2B-4DF7-9C46-C3319FCAAB7E}"
EndProject
Project("{8BC9CEB8-8B4A-11D0-8D11-00A0C91BC942}") = "13-b1-1", "13-b1-1\13-b1-1.vcxproj", "{37990488-9EDB-43CE-8EE2-B7E478DEC529}"
EndProject
Project("{8BC9CEB8-8B4A-11D0-8D11-00A0C91BC942}") = "13-b1-3", "13-b1-3\13-b1-3.vcxproj", "{F7AEABA2-2E8C-4B3F-910D-29B935087860}"
EndProject
Project("{8BC9CEB8-8B4A-11D0-8D11-00A0C91BC942}") = "13-b1-2", "13-b1-2\13-b1-2.vcxproj", "{F3F017FF-0CB5-4FB8-8A9E-690F735D571A}"
EndProject
Project("{8BC9CEB8-8B4A-11D0-8D11-00A0C91BC942}") = "13-b1-4", "13-b1-4\13-b1-4.vcxproj", "{4D0B1AE8-59F8-4C3C-B535-C99797782612}"
EndProject
Project("{8BC9CEB8-8B4A-11D0-8D11-00A0C91BC942}") = "13-b2-1", "13-b2-1\13-b2-1.vcxproj", "{E0242F7C-5197-4BE5-96CB-D15C265F53CC}"
EndProject
Project("{8BC9CEB8-8B4A-11D0-8D11-00A0C91BC942}") = "13-b2-2", "13-b2-2\13-b2-2.vcxproj", "{FA02001E-9418-43B0-B729-418B9E152635}"
EndProject
Project("{8BC9CEB8-8B4A-11D0-8D11-00A0C91BC942}") = "13-b3-1", "13-b3-1\13-b3-1.vcxproj", "{14C86BFD-8C9D-4BDF-B76E-71F874751665}"
EndProject
Project("{8BC9CEB8-8B4A-11D0-8D11-00A0C91BC942}") = "13-b3-2", "13-b3-2\13-b3-2.vcxproj", "{3E3B2966-76C2-4EF2-8EF5-31D7F561541E}"
EndProject
Project("{8BC9CEB8-8B4A-11D0-8D11-00A0C91BC942}") = "13-b5", "13-b5\13-b5.vcxproj", "{5C4CA9E8-1428-4268-8870-14B3051A9E12}"
EndProject
Project("{8BC9CEB8-8B4A-11D0-8D11-00A0C91BC942}") = "13-b4", "13-b4\13-b4.vcxproj", "{BB62A2DB-BB7D-42C2-9B8C-A7946E67C77F}"
EndProject
Project("{8BC9CEB8-8B4A-11D0-8D11-00A0C91BC942}") = "13-b6", "13-b6\13-b6.vcxproj", "{3D6285C4-1EEF-4A22-AC69-825946BB37E3}"
EndProject
Project("{8BC9CEB8-8B4A-11D0-8D11-00A0C91BC942}") = "13-b7-1", "13-b7-1\13-b7-1.vcxproj", "{8E4518FC-8610-456E-AC16-E2BC7608F29A}"
EndProject
Project("{8BC9CEB8-8B4A-11D0-8D11-00A0C91BC942}") = "13-b7-2", "13-b7-2\13-b7-2.vcxproj", "{EEDFE64C-B228-45E2-BAB8-7B43EDB3CBC5}"
EndProject
Project("{8BC9CEB8-8B4A-11D0-8D11-00A0C91BC942}") = "13-b8-1", "13-b8-1\13-b8-1.vcxproj", "{B11075BD-768B-42CD-99C7-6BAA854C8D6A}"
EndProject
Project("{8BC9CEB8-8B4A-11D0-8D11-00A0C91BC942}") = "13-b8-2", "13-b8-2\13-b8-2.vcxproj", "{BE0AA11B-EE90-4A8E-8987-024A8932BA25}"
EndProject
Project("{8BC9CEB8-8B4A-11D0-8D11-00A0C91BC942}") = "14-b1", "14-b1\14-b1.vcxproj", "{8C03DC91-A7C8-401C-BE2A-2166FE3365F1}"
EndProject
Project("{8BC9CEB8-8B4A-11D0-8D11-00A0C91BC942}") = "14-b2", "14-b2\14-b2.vcxproj", "{0B19C18F-6FD8-4393-86A4-2C3A20B61A95}"
EndProject
Project("{8BC9CEB8-8B4A-11D0-8D11-00A0C91BC942}") = "14-b3", "14-b3\14-b3.vcxproj", "{8CC6A2B3-F917-4521-865C-3A234BC78125}"
EndProject
Project("{8BC9CEB8-8B4A-11D0-8D11-00A0C91BC942}") = "14-b4", "14-b4\14-b4.vcxproj", "{653FEB07-A6B3-4628-821E-81031F89DDBF}"
EndProject
Project("{8BC9CEB8-8B4A-11D0-8D11-00A0C91BC942}") = "13-b9", "13-b9\13-b9.vcxproj", "{63C2E399-6309-4024-A2FD-8EEBEED94FE5}"
EndProject
Project("{2150E333-8FDC-42A3-9474-1A3956D46DE8}") = "12", "12", "{548D3E26-4C80-44EC-81D8-C7FC5748829F}"
EndProject
Project("{2150E333-8FDC-42A3-9474-1A3956D46DE8}") = "13", "13", "{EE64CEF7-B6BC-4C30-BB44-132CB40B30E0}"
EndProject
Project("{2150E333-8FDC-42A3-9474-1A3956D46DE8}") = "14", "14", "{D0B2694D-A147-45C3-B3D6-85126858619C}"
EndProject
Project("{8BC9CEB8-8B4A-11D0-8D11-00A0C91BC942}") = "15-b1", "15-b1\15-b1.vcxproj", "{71448DCA-B1AA-4E05-B34F-B5A5C4F13039}"
EndProject
Project("{2150E333-8FDC-42A3-9474-1A3956D46DE8}") = "15", "15", "{29763CE8-7A17-4583-A9C4-B6383C99CE25}"
EndProject
Project("{8BC9CEB8-8B4A-11D0-8D11-00A0C91BC942}") = "demo1", "demo1\demo1.vcxproj", "{4C0663B5-060E-4870-8079-D230AC8D0A62}"
EndProject
Project("{8BC9CEB8-8B4A-11D0-8D11-00A0C91BC942}") = "15-b3", "15-b3\15-b3.vcxproj", "{128A7A1F-2989-488A-938D-37C9B7562B61}"
EndProject
Project("{8BC9CEB8-8B4A-11D0-8D11-00A0C91BC942}") = "15-b4", "15-b4\15-b4.vcxproj", "{F89DBDE3-75BA-47CB-86FF-CB0CEE06AD1A}"
EndProject
Project("{8BC9CEB8-8B4A-11D0-8D11-00A0C91BC942}") = "15-b5-1", "15-b5-1\15-b5-1.vcxproj", "{6D20914F-25E4-4536-8C93-721674F9DF24}"
EndProject
Project("{8BC9CEB8-8B4A-11D0-8D11-00A0C91BC942}") = "15-b6", "15-b6\15-b6.vcxproj", "{C27BE977-3B2D-40DC-8A0B-E34AB3A13514}"
EndProject
Project("{8BC9CEB8-8B4A-11D0-8D11-00A0C91BC942}") = "15-b2", "15-b2\15-b2.vcxproj", "{429C8057-7AD8-4CB8-B661-8B2414BB7682}"
EndProject
Project("{8BC9CEB8-8B4A-11D0-8D11-00A0C91BC942}") = "15-b5-2", "15-b5-2\15-b5-2.c.vcxproj", "{9F02B372-E178-4614-8809-630D9B372E23}"
EndProject
Project("{8BC9CEB8-8B4A-11D0-8D11-00A0C91BC942}") = "16-b2-1", "16-b2-1\16-b2-1.vcxproj", "{D97B90DD-72D2-4B2A-8CF1-AF69CCCC1E45}"
EndProject
Project("{2150E333-8FDC-42A3-9474-1A3956D46DE8}") = "16", "16", "{0B76CA73-7B9B-4CCE-844F-2801422CEEE2}"
EndProject
Project("{8BC9CEB8-8B4A-11D0-8D11-00A0C91BC942}") = "16-b2-2", "16-b2-2\16-b2-2.vcxproj", "{BEAD2F12-8C1E-450F-A53B-066AACE1EDF8}"
EndProject
Project("{8BC9CEB8-8B4A-11D0-8D11-00A0C91BC942}") = "16-b3-1", "16-b3-1\16-b3-1.vcxproj", "{572B677A-0B49-4BD6-9D7D-FBA60B1ECDBA}"
EndProject
Project("{8BC9CEB8-8B4A-11D0-8D11-00A0C91BC942}") = "16-b3-2", "16-b3-2\16-b3-2.vcxproj", "{5FF41788-51A6-498C-857B-236C40AF1448}"
EndProject
Project("{8BC9CEB8-8B4A-11D0-8D11-00A0C91BC942}") = "16-b4", "16-b4\16-b4.vcxproj", "{0E499B39-BF69-46A1-A4B1-3BFC791F2976}"
EndProject
Project("{8BC9CEB8-8B4A-11D0-8D11-00A0C91BC942}") = "16-b1", "16-b1\16-b1.vcxproj", "{7FC597F3-9D1A-4C41-A51C-E839EFB557C9}"
EndProject
Project("{8BC9CEB8-8B4A-11D0-8D11-00A0C91BC942}") = "16-b5", "16-b5\16-b5.vcxproj", "{DF02E245-2DB6-4F75-A317-FC234090F2F5}"
EndProject
Project("{8BC9CEB8-8B4A-11D0-8D11-00A0C91BC942}") = "17-b1", "17-b1\17-b1.vcxproj", "{AC25A3CC-D274-4A6C-86CC-8066E6ACCC2C}"
EndProject
Project("{8BC9CEB8-8B4A-11D0-8D11-00A0C91BC942}") = "17-b2", "17-b2\17-b2.vcxproj", "{83E6365A-9D25-497E-8683-9BE7A82CCE4C}"
EndProject
Project("{2150E333-8FDC-42A3-9474-1A3956D46DE8}") = "17", "17", "{1927D001-B13D-496C-B85A-E280D79F5F61}"
EndProject
Project("{8BC9CEB8-8B4A-11D0-8D11-00A0C91BC942}") = "18-b1", "18-b1\18-b1.vcxproj", "{1444588A-E1EC-4EE2-9FEB-1E6FB6AD49B6}"
EndProject
Project("{8BC9CEB8-8B4A-11D0-8D11-00A0C91BC942}") = "18-b2", "18-b2\18-b2.vcxproj", "{5D9D6788-7CE4-4F43-A241-87ECEC88B3F7}"
EndProject
Project("{2150E333-8FDC-42A3-9474-1A3956D46DE8}") = "18", "18", "{F42AB348-70EE-46C8-B2D2-9A2A861A48BE}"
EndProject
Global
	GlobalSection(SolutionConfigurationPlatforms) = preSolution
		Debug|x64 = Debug|x64
		Debug|x86 = Debug|x86
		Release|x64 = Release|x64
		Release|x86 = Release|x86
	EndGlobalSection
	GlobalSection(ProjectConfigurationPlatforms) = postSolution
		{3E669213-E3B2-4BA7-87A0-7E4F19BA4391}.Debug|x64.ActiveCfg = Debug|x64
		{3E669213-E3B2-4BA7-87A0-7E4F19BA4391}.Debug|x64.Build.0 = Debug|x64
		{3E669213-E3B2-4BA7-87A0-7E4F19BA4391}.Debug|x86.ActiveCfg = Debug|Win32
		{3E669213-E3B2-4BA7-87A0-7E4F19BA4391}.Debug|x86.Build.0 = Debug|Win32
		{3E669213-E3B2-4BA7-87A0-7E4F19BA4391}.Release|x64.ActiveCfg = Release|x64
		{3E669213-E3B2-4BA7-87A0-7E4F19BA4391}.Release|x64.Build.0 = Release|x64
		{3E669213-E3B2-4BA7-87A0-7E4F19BA4391}.Release|x86.ActiveCfg = Release|Win32
		{3E669213-E3B2-4BA7-87A0-7E4F19BA4391}.Release|x86.Build.0 = Release|Win32
		{14E04D83-A08F-4D9C-923D-FEDD3B535BBC}.Debug|x64.ActiveCfg = Debug|x64
		{14E04D83-A08F-4D9C-923D-FEDD3B535BBC}.Debug|x64.Build.0 = Debug|x64
		{14E04D83-A08F-4D9C-923D-FEDD3B535BBC}.Debug|x86.ActiveCfg = Debug|Win32
		{14E04D83-A08F-4D9C-923D-FEDD3B535BBC}.Debug|x86.Build.0 = Debug|Win32
		{14E04D83-A08F-4D9C-923D-FEDD3B535BBC}.Release|x64.ActiveCfg = Release|x64
		{14E04D83-A08F-4D9C-923D-FEDD3B535BBC}.Release|x64.Build.0 = Release|x64
		{14E04D83-A08F-4D9C-923D-FEDD3B535BBC}.Release|x86.ActiveCfg = Release|Win32
		{14E04D83-A08F-4D9C-923D-FEDD3B535BBC}.Release|x86.Build.0 = Release|Win32
		{61F15B91-5B0A-487B-9B79-0C1F93027C8B}.Debug|x64.ActiveCfg = Debug|x64
		{61F15B91-5B0A-487B-9B79-0C1F93027C8B}.Debug|x64.Build.0 = Debug|x64
		{61F15B91-5B0A-487B-9B79-0C1F93027C8B}.Debug|x86.ActiveCfg = Debug|Win32
		{61F15B91-5B0A-487B-9B79-0C1F93027C8B}.Debug|x86.Build.0 = Debug|Win32
		{61F15B91-5B0A-487B-9B79-0C1F93027C8B}.Release|x64.ActiveCfg = Release|x64
		{61F15B91-5B0A-487B-9B79-0C1F93027C8B}.Release|x64.Build.0 = Release|x64
		{61F15B91-5B0A-487B-9B79-0C1F93027C8B}.Release|x86.ActiveCfg = Release|Win32
		{61F15B91-5B0A-487B-9B79-0C1F93027C8B}.Release|x86.Build.0 = Release|Win32
		{CA4C6BEC-D5B2-4FC4-AC95-35771B1E2730}.Debug|x64.ActiveCfg = Debug|x64
		{CA4C6BEC-D5B2-4FC4-AC95-35771B1E2730}.Debug|x64.Build.0 = Debug|x64
		{CA4C6BEC-D5B2-4FC4-AC95-35771B1E2730}.Debug|x86.ActiveCfg = Debug|Win32
		{CA4C6BEC-D5B2-4FC4-AC95-35771B1E2730}.Debug|x86.Build.0 = Debug|Win32
		{CA4C6BEC-D5B2-4FC4-AC95-35771B1E2730}.Release|x64.ActiveCfg = Release|x64
		{CA4C6BEC-D5B2-4FC4-AC95-35771B1E2730}.Release|x64.Build.0 = Release|x64
		{CA4C6BEC-D5B2-4FC4-AC95-35771B1E2730}.Release|x86.ActiveCfg = Release|Win32
		{CA4C6BEC-D5B2-4FC4-AC95-35771B1E2730}.Release|x86.Build.0 = Release|Win32
		{87588CC4-8E09-49A0-A4F8-32774951ECBC}.Debug|x64.ActiveCfg = Debug|x64
		{87588CC4-8E09-49A0-A4F8-32774951ECBC}.Debug|x64.Build.0 = Debug|x64
		{87588CC4-8E09-49A0-A4F8-32774951ECBC}.Debug|x86.ActiveCfg = Debug|Win32
		{87588CC4-8E09-49A0-A4F8-32774951ECBC}.Debug|x86.Build.0 = Debug|Win32
		{87588CC4-8E09-49A0-A4F8-32774951ECBC}.Release|x64.ActiveCfg = Release|x64
		{87588CC4-8E09-49A0-A4F8-32774951ECBC}.Release|x64.Build.0 = Release|x64
		{87588CC4-8E09-49A0-A4F8-32774951ECBC}.Release|x86.ActiveCfg = Release|Win32
		{87588CC4-8E09-49A0-A4F8-32774951ECBC}.Release|x86.Build.0 = Release|Win32
		{9D878DE8-EF5D-4FEB-B168-A2DA4A08EFD5}.Debug|x64.ActiveCfg = Debug|x64
		{9D878DE8-EF5D-4FEB-B168-A2DA4A08EFD5}.Debug|x64.Build.0 = Debug|x64
		{9D878DE8-EF5D-4FEB-B168-A2DA4A08EFD5}.Debug|x86.ActiveCfg = Debug|Win32
		{9D878DE8-EF5D-4FEB-B168-A2DA4A08EFD5}.Debug|x86.Build.0 = Debug|Win32
		{9D878DE8-EF5D-4FEB-B168-A2DA4A08EFD5}.Release|x64.ActiveCfg = Release|x64
		{9D878DE8-EF5D-4FEB-B168-A2DA4A08EFD5}.Release|x64.Build.0 = Release|x64
		{9D878DE8-EF5D-4FEB-B168-A2DA4A08EFD5}.Release|x86.ActiveCfg = Release|Win32
		{9D878DE8-EF5D-4FEB-B168-A2DA4A08EFD5}.Release|x86.Build.0 = Release|Win32
		{D04B46C2-8045-4AA9-8E2F-B1EE359CED78}.Debug|x64.ActiveCfg = Debug|x64
		{D04B46C2-8045-4AA9-8E2F-B1EE359CED78}.Debug|x64.Build.0 = Debug|x64
		{D04B46C2-8045-4AA9-8E2F-B1EE359CED78}.Debug|x86.ActiveCfg = Debug|Win32
		{D04B46C2-8045-4AA9-8E2F-B1EE359CED78}.Debug|x86.Build.0 = Debug|Win32
		{D04B46C2-8045-4AA9-8E2F-B1EE359CED78}.Release|x64.ActiveCfg = Release|x64
		{D04B46C2-8045-4AA9-8E2F-B1EE359CED78}.Release|x64.Build.0 = Release|x64
		{D04B46C2-8045-4AA9-8E2F-B1EE359CED78}.Release|x86.ActiveCfg = Release|Win32
		{D04B46C2-8045-4AA9-8E2F-B1EE359CED78}.Release|x86.Build.0 = Release|Win32
		{9C25B504-9C2B-4DF7-9C46-C3319FCAAB7E}.Debug|x64.ActiveCfg = Debug|x64
		{9C25B504-9C2B-4DF7-9C46-C3319FCAAB7E}.Debug|x64.Build.0 = Debug|x64
		{9C25B504-9C2B-4DF7-9C46-C3319FCAAB7E}.Debug|x86.ActiveCfg = Debug|Win32
		{9C25B504-9C2B-4DF7-9C46-C3319FCAAB7E}.Debug|x86.Build.0 = Debug|Win32
		{9C25B504-9C2B-4DF7-9C46-C3319FCAAB7E}.Release|x64.ActiveCfg = Release|x64
		{9C25B504-9C2B-4DF7-9C46-C3319FCAAB7E}.Release|x64.Build.0 = Release|x64
		{9C25B504-9C2B-4DF7-9C46-C3319FCAAB7E}.Release|x86.ActiveCfg = Release|Win32
		{9C25B504-9C2B-4DF7-9C46-C3319FCAAB7E}.Release|x86.Build.0 = Release|Win32
		{37990488-9EDB-43CE-8EE2-B7E478DEC529}.Debug|x64.ActiveCfg = Debug|x64
		{37990488-9EDB-43CE-8EE2-B7E478DEC529}.Debug|x64.Build.0 = Debug|x64
		{37990488-9EDB-43CE-8EE2-B7E478DEC529}.Debug|x86.ActiveCfg = Debug|Win32
		{37990488-9EDB-43CE-8EE2-B7E478DEC529}.Debug|x86.Build.0 = Debug|Win32
		{37990488-9EDB-43CE-8EE2-B7E478DEC529}.Release|x64.ActiveCfg = Release|x64
		{37990488-9EDB-43CE-8EE2-B7E478DEC529}.Release|x64.Build.0 = Release|x64
		{37990488-9EDB-43CE-8EE2-B7E478DEC529}.Release|x86.ActiveCfg = Release|Win32
		{37990488-9EDB-43CE-8EE2-B7E478DEC529}.Release|x86.Build.0 = Release|Win32
		{F7AEABA2-2E8C-4B3F-910D-29B935087860}.Debug|x64.ActiveCfg = Debug|x64
		{F7AEABA2-2E8C-4B3F-910D-29B935087860}.Debug|x64.Build.0 = Debug|x64
		{F7AEABA2-2E8C-4B3F-910D-29B935087860}.Debug|x86.ActiveCfg = Debug|Win32
		{F7AEABA2-2E8C-4B3F-910D-29B935087860}.Debug|x86.Build.0 = Debug|Win32
		{F7AEABA2-2E8C-4B3F-910D-29B935087860}.Release|x64.ActiveCfg = Release|x64
		{F7AEABA2-2E8C-4B3F-910D-29B935087860}.Release|x64.Build.0 = Release|x64
		{F7AEABA2-2E8C-4B3F-910D-29B935087860}.Release|x86.ActiveCfg = Release|Win32
		{F7AEABA2-2E8C-4B3F-910D-29B935087860}.Release|x86.Build.0 = Release|Win32
		{F3F017FF-0CB5-4FB8-8A9E-690F735D571A}.Debug|x64.ActiveCfg = Debug|x64
		{F3F017FF-0CB5-4FB8-8A9E-690F735D571A}.Debug|x64.Build.0 = Debug|x64
		{F3F017FF-0CB5-4FB8-8A9E-690F735D571A}.Debug|x86.ActiveCfg = Debug|Win32
		{F3F017FF-0CB5-4FB8-8A9E-690F735D571A}.Debug|x86.Build.0 = Debug|Win32
		{F3F017FF-0CB5-4FB8-8A9E-690F735D571A}.Release|x64.ActiveCfg = Release|x64
		{F3F017FF-0CB5-4FB8-8A9E-690F735D571A}.Release|x64.Build.0 = Release|x64
		{F3F017FF-0CB5-4FB8-8A9E-690F735D571A}.Release|x86.ActiveCfg = Release|Win32
		{F3F017FF-0CB5-4FB8-8A9E-690F735D571A}.Release|x86.Build.0 = Release|Win32
		{4D0B1AE8-59F8-4C3C-B535-C99797782612}.Debug|x64.ActiveCfg = Debug|x64
		{4D0B1AE8-59F8-4C3C-B535-C99797782612}.Debug|x64.Build.0 = Debug|x64
		{4D0B1AE8-59F8-4C3C-B535-C99797782612}.Debug|x86.ActiveCfg = Debug|Win32
		{4D0B1AE8-59F8-4C3C-B535-C99797782612}.Debug|x86.Build.0 = Debug|Win32
		{4D0B1AE8-59F8-4C3C-B535-C99797782612}.Release|x64.ActiveCfg = Release|x64
		{4D0B1AE8-59F8-4C3C-B535-C99797782612}.Release|x64.Build.0 = Release|x64
		{4D0B1AE8-59F8-4C3C-B535-C99797782612}.Release|x86.ActiveCfg = Release|Win32
		{4D0B1AE8-59F8-4C3C-B535-C99797782612}.Release|x86.Build.0 = Release|Win32
		{E0242F7C-5197-4BE5-96CB-D15C265F53CC}.Debug|x64.ActiveCfg = Debug|x64
		{E0242F7C-5197-4BE5-96CB-D15C265F53CC}.Debug|x64.Build.0 = Debug|x64
		{E0242F7C-5197-4BE5-96CB-D15C265F53CC}.Debug|x86.ActiveCfg = Debug|Win32
		{E0242F7C-5197-4BE5-96CB-D15C265F53CC}.Debug|x86.Build.0 = Debug|Win32
		{E0242F7C-5197-4BE5-96CB-D15C265F53CC}.Release|x64.ActiveCfg = Release|x64
		{E0242F7C-5197-4BE5-96CB-D15C265F53CC}.Release|x64.Build.0 = Release|x64
		{E0242F7C-5197-4BE5-96CB-D15C265F53CC}.Release|x86.ActiveCfg = Release|Win32
		{E0242F7C-5197-4BE5-96CB-D15C265F53CC}.Release|x86.Build.0 = Release|Win32
		{FA02001E-9418-43B0-B729-418B9E152635}.Debug|x64.ActiveCfg = Debug|x64
		{FA02001E-9418-43B0-B729-418B9E152635}.Debug|x64.Build.0 = Debug|x64
		{FA02001E-9418-43B0-B729-418B9E152635}.Debug|x86.ActiveCfg = Debug|Win32
		{FA02001E-9418-43B0-B729-418B9E152635}.Debug|x86.Build.0 = Debug|Win32
		{FA02001E-9418-43B0-B729-418B9E152635}.Release|x64.ActiveCfg = Release|x64
		{FA02001E-9418-43B0-B729-418B9E152635}.Release|x64.Build.0 = Release|x64
		{FA02001E-9418-43B0-B729-418B9E152635}.Release|x86.ActiveCfg = Release|Win32
		{FA02001E-9418-43B0-B729-418B9E152635}.Release|x86.Build.0 = Release|Win32
		{14C86BFD-8C9D-4BDF-B76E-71F874751665}.Debug|x64.ActiveCfg = Debug|x64
		{14C86BFD-8C9D-4BDF-B76E-71F874751665}.Debug|x64.Build.0 = Debug|x64
		{14C86BFD-8C9D-4BDF-B76E-71F874751665}.Debug|x86.ActiveCfg = Debug|Win32
		{14C86BFD-8C9D-4BDF-B76E-71F874751665}.Debug|x86.Build.0 = Debug|Win32
		{14C86BFD-8C9D-4BDF-B76E-71F874751665}.Release|x64.ActiveCfg = Release|x64
		{14C86BFD-8C9D-4BDF-B76E-71F874751665}.Release|x64.Build.0 = Release|x64
		{14C86BFD-8C9D-4BDF-B76E-71F874751665}.Release|x86.ActiveCfg = Release|Win32
		{14C86BFD-8C9D-4BDF-B76E-71F874751665}.Release|x86.Build.0 = Release|Win32
		{3E3B2966-76C2-4EF2-8EF5-31D7F561541E}.Debug|x64.ActiveCfg = Debug|x64
		{3E3B2966-76C2-4EF2-8EF5-31D7F561541E}.Debug|x64.Build.0 = Debug|x64
		{3E3B2966-76C2-4EF2-8EF5-31D7F561541E}.Debug|x86.ActiveCfg = Debug|Win32
		{3E3B2966-76C2-4EF2-8EF5-31D7F561541E}.Debug|x86.Build.0 = Debug|Win32
		{3E3B2966-76C2-4EF2-8EF5-31D7F561541E}.Release|x64.ActiveCfg = Release|x64
		{3E3B2966-76C2-4EF2-8EF5-31D7F561541E}.Release|x64.Build.0 = Release|x64
		{3E3B2966-76C2-4EF2-8EF5-31D7F561541E}.Release|x86.ActiveCfg = Release|Win32
		{3E3B2966-76C2-4EF2-8EF5-31D7F561541E}.Release|x86.Build.0 = Release|Win32
		{5C4CA9E8-1428-4268-8870-14B3051A9E12}.Debug|x64.ActiveCfg = Debug|x64
		{5C4CA9E8-1428-4268-8870-14B3051A9E12}.Debug|x64.Build.0 = Debug|x64
		{5C4CA9E8-1428-4268-8870-14B3051A9E12}.Debug|x86.ActiveCfg = Debug|Win32
		{5C4CA9E8-1428-4268-8870-14B3051A9E12}.Debug|x86.Build.0 = Debug|Win32
		{5C4CA9E8-1428-4268-8870-14B3051A9E12}.Release|x64.ActiveCfg = Release|x64
		{5C4CA9E8-1428-4268-8870-14B3051A9E12}.Release|x64.Build.0 = Release|x64
		{5C4CA9E8-1428-4268-8870-14B3051A9E12}.Release|x86.ActiveCfg = Release|Win32
		{5C4CA9E8-1428-4268-8870-14B3051A9E12}.Release|x86.Build.0 = Release|Win32
		{BB62A2DB-BB7D-42C2-9B8C-A7946E67C77F}.Debug|x64.ActiveCfg = Debug|x64
		{BB62A2DB-BB7D-42C2-9B8C-A7946E67C77F}.Debug|x64.Build.0 = Debug|x64
		{BB62A2DB-BB7D-42C2-9B8C-A7946E67C77F}.Debug|x86.ActiveCfg = Debug|Win32
		{BB62A2DB-BB7D-42C2-9B8C-A7946E67C77F}.Debug|x86.Build.0 = Debug|Win32
		{BB62A2DB-BB7D-42C2-9B8C-A7946E67C77F}.Release|x64.ActiveCfg = Release|x64
		{BB62A2DB-BB7D-42C2-9B8C-A7946E67C77F}.Release|x64.Build.0 = Release|x64
		{BB62A2DB-BB7D-42C2-9B8C-A7946E67C77F}.Release|x86.ActiveCfg = Release|Win32
		{BB62A2DB-BB7D-42C2-9B8C-A7946E67C77F}.Release|x86.Build.0 = Release|Win32
		{3D6285C4-1EEF-4A22-AC69-825946BB37E3}.Debug|x64.ActiveCfg = Debug|x64
		{3D6285C4-1EEF-4A22-AC69-825946BB37E3}.Debug|x64.Build.0 = Debug|x64
		{3D6285C4-1EEF-4A22-AC69-825946BB37E3}.Debug|x86.ActiveCfg = Debug|Win32
		{3D6285C4-1EEF-4A22-AC69-825946BB37E3}.Debug|x86.Build.0 = Debug|Win32
		{3D6285C4-1EEF-4A22-AC69-825946BB37E3}.Release|x64.ActiveCfg = Release|x64
		{3D6285C4-1EEF-4A22-AC69-825946BB37E3}.Release|x64.Build.0 = Release|x64
		{3D6285C4-1EEF-4A22-AC69-825946BB37E3}.Release|x86.ActiveCfg = Release|Win32
		{3D6285C4-1EEF-4A22-AC69-825946BB37E3}.Release|x86.Build.0 = Release|Win32
		{8E4518FC-8610-456E-AC16-E2BC7608F29A}.Debug|x64.ActiveCfg = Debug|x64
		{8E4518FC-8610-456E-AC16-E2BC7608F29A}.Debug|x64.Build.0 = Debug|x64
		{8E4518FC-8610-456E-AC16-E2BC7608F29A}.Debug|x86.ActiveCfg = Debug|Win32
		{8E4518FC-8610-456E-AC16-E2BC7608F29A}.Debug|x86.Build.0 = Debug|Win32
		{8E4518FC-8610-456E-AC16-E2BC7608F29A}.Release|x64.ActiveCfg = Release|x64
		{8E4518FC-8610-456E-AC16-E2BC7608F29A}.Release|x64.Build.0 = Release|x64
		{8E4518FC-8610-456E-AC16-E2BC7608F29A}.Release|x86.ActiveCfg = Release|Win32
		{8E4518FC-8610-456E-AC16-E2BC7608F29A}.Release|x86.Build.0 = Release|Win32
		{EEDFE64C-B228-45E2-BAB8-7B43EDB3CBC5}.Debug|x64.ActiveCfg = Debug|x64
		{EEDFE64C-B228-45E2-BAB8-7B43EDB3CBC5}.Debug|x64.Build.0 = Debug|x64
		{EEDFE64C-B228-45E2-BAB8-7B43EDB3CBC5}.Debug|x86.ActiveCfg = Debug|Win32
		{EEDFE64C-B228-45E2-BAB8-7B43EDB3CBC5}.Debug|x86.Build.0 = Debug|Win32
		{EEDFE64C-B228-45E2-BAB8-7B43EDB3CBC5}.Release|x64.ActiveCfg = Release|x64
		{EEDFE64C-B228-45E2-BAB8-7B43EDB3CBC5}.Release|x64.Build.0 = Release|x64
		{EEDFE64C-B228-45E2-BAB8-7B43EDB3CBC5}.Release|x86.ActiveCfg = Release|Win32
		{EEDFE64C-B228-45E2-BAB8-7B43EDB3CBC5}.Release|x86.Build.0 = Release|Win32
		{B11075BD-768B-42CD-99C7-6BAA854C8D6A}.Debug|x64.ActiveCfg = Debug|x64
		{B11075BD-768B-42CD-99C7-6BAA854C8D6A}.Debug|x64.Build.0 = Debug|x64
		{B11075BD-768B-42CD-99C7-6BAA854C8D6A}.Debug|x86.ActiveCfg = Debug|Win32
		{B11075BD-768B-42CD-99C7-6BAA854C8D6A}.Debug|x86.Build.0 = Debug|Win32
		{B11075BD-768B-42CD-99C7-6BAA854C8D6A}.Release|x64.ActiveCfg = Release|x64
		{B11075BD-768B-42CD-99C7-6BAA854C8D6A}.Release|x64.Build.0 = Release|x64
		{B11075BD-768B-42CD-99C7-6BAA854C8D6A}.Release|x86.ActiveCfg = Release|Win32
		{B11075BD-768B-42CD-99C7-6BAA854C8D6A}.Release|x86.Build.0 = Release|Win32
		{BE0AA11B-EE90-4A8E-8987-024A8932BA25}.Debug|x64.ActiveCfg = Debug|x64
		{BE0AA11B-EE90-4A8E-8987-024A8932BA25}.Debug|x64.Build.0 = Debug|x64
		{BE0AA11B-EE90-4A8E-8987-024A8932BA25}.Debug|x86.ActiveCfg = Debug|Win32
		{BE0AA11B-EE90-4A8E-8987-024A8932BA25}.Debug|x86.Build.0 = Debug|Win32
		{BE0AA11B-EE90-4A8E-8987-024A8932BA25}.Release|x64.ActiveCfg = Release|x64
		{BE0AA11B-EE90-4A8E-8987-024A8932BA25}.Release|x64.Build.0 = Release|x64
		{BE0AA11B-EE90-4A8E-8987-024A8932BA25}.Release|x86.ActiveCfg = Release|Win32
		{BE0AA11B-EE90-4A8E-8987-024A8932BA25}.Release|x86.Build.0 = Release|Win32
		{8C03DC91-A7C8-401C-BE2A-2166FE3365F1}.Debug|x64.ActiveCfg = Debug|x64
		{8C03DC91-A7C8-401C-BE2A-2166FE3365F1}.Debug|x64.Build.0 = Debug|x64
		{8C03DC91-A7C8-401C-BE2A-2166FE3365F1}.Debug|x86.ActiveCfg = Debug|Win32
		{8C03DC91-A7C8-401C-BE2A-2166FE3365F1}.Debug|x86.Build.0 = Debug|Win32
		{8C03DC91-A7C8-401C-BE2A-2166FE3365F1}.Release|x64.ActiveCfg = Release|x64
		{8C03DC91-A7C8-401C-BE2A-2166FE3365F1}.Release|x64.Build.0 = Release|x64
		{8C03DC91-A7C8-401C-BE2A-2166FE3365F1}.Release|x86.ActiveCfg = Release|Win32
		{8C03DC91-A7C8-401C-BE2A-2166FE3365F1}.Release|x86.Build.0 = Release|Win32
		{0B19C18F-6FD8-4393-86A4-2C3A20B61A95}.Debug|x64.ActiveCfg = Debug|x64
		{0B19C18F-6FD8-4393-86A4-2C3A20B61A95}.Debug|x64.Build.0 = Debug|x64
		{0B19C18F-6FD8-4393-86A4-2C3A20B61A95}.Debug|x86.ActiveCfg = Debug|Win32
		{0B19C18F-6FD8-4393-86A4-2C3A20B61A95}.Debug|x86.Build.0 = Debug|Win32
		{0B19C18F-6FD8-4393-86A4-2C3A20B61A95}.Release|x64.ActiveCfg = Release|x64
		{0B19C18F-6FD8-4393-86A4-2C3A20B61A95}.Release|x64.Build.0 = Release|x64
		{0B19C18F-6FD8-4393-86A4-2C3A20B61A95}.Release|x86.ActiveCfg = Release|Win32
		{0B19C18F-6FD8-4393-86A4-2C3A20B61A95}.Release|x86.Build.0 = Release|Win32
		{8CC6A2B3-F917-4521-865C-3A234BC78125}.Debug|x64.ActiveCfg = Debug|x64
		{8CC6A2B3-F917-4521-865C-3A234BC78125}.Debug|x64.Build.0 = Debug|x64
		{8CC6A2B3-F917-4521-865C-3A234BC78125}.Debug|x86.ActiveCfg = Debug|Win32
		{8CC6A2B3-F917-4521-865C-3A234BC78125}.Debug|x86.Build.0 = Debug|Win32
		{8CC6A2B3-F917-4521-865C-3A234BC78125}.Release|x64.ActiveCfg = Release|x64
		{8CC6A2B3-F917-4521-865C-3A234BC78125}.Release|x64.Build.0 = Release|x64
		{8CC6A2B3-F917-4521-865C-3A234BC78125}.Release|x86.ActiveCfg = Release|Win32
		{8CC6A2B3-F917-4521-865C-3A234BC78125}.Release|x86.Build.0 = Release|Win32
		{653FEB07-A6B3-4628-821E-81031F89DDBF}.Debug|x64.ActiveCfg = Debug|x64
		{653FEB07-A6B3-4628-821E-81031F89DDBF}.Debug|x64.Build.0 = Debug|x64
		{653FEB07-A6B3-4628-821E-81031F89DDBF}.Debug|x86.ActiveCfg = Debug|Win32
		{653FEB07-A6B3-4628-821E-81031F89DDBF}.Debug|x86.Build.0 = Debug|Win32
		{653FEB07-A6B3-4628-821E-81031F89DDBF}.Release|x64.ActiveCfg = Release|x64
		{653FEB07-A6B3-4628-821E-81031F89DDBF}.Release|x64.Build.0 = Release|x64
		{653FEB07-A6B3-4628-821E-81031F89DDBF}.Release|x86.ActiveCfg = Release|Win32
		{653FEB07-A6B3-4628-821E-81031F89DDBF}.Release|x86.Build.0 = Release|Win32
		{63C2E399-6309-4024-A2FD-8EEBEED94FE5}.Debug|x64.ActiveCfg = Debug|x64
		{63C2E399-6309-4024-A2FD-8EEBEED94FE5}.Debug|x64.Build.0 = Debug|x64
		{63C2E399-6309-4024-A2FD-8EEBEED94FE5}.Debug|x86.ActiveCfg = Debug|Win32
		{63C2E399-6309-4024-A2FD-8EEBEED94FE5}.Debug|x86.Build.0 = Debug|Win32
		{63C2E399-6309-4024-A2FD-8EEBEED94FE5}.Release|x64.ActiveCfg = Release|x64
		{63C2E399-6309-4024-A2FD-8EEBEED94FE5}.Release|x64.Build.0 = Release|x64
		{63C2E399-6309-4024-A2FD-8EEBEED94FE5}.Release|x86.ActiveCfg = Release|Win32
		{63C2E399-6309-4024-A2FD-8EEBEED94FE5}.Release|x86.Build.0 = Release|Win32
		{71448DCA-B1AA-4E05-B34F-B5A5C4F13039}.Debug|x64.ActiveCfg = Debug|x64
		{71448DCA-B1AA-4E05-B34F-B5A5C4F13039}.Debug|x64.Build.0 = Debug|x64
		{71448DCA-B1AA-4E05-B34F-B5A5C4F13039}.Debug|x86.ActiveCfg = Debug|Win32
		{71448DCA-B1AA-4E05-B34F-B5A5C4F13039}.Debug|x86.Build.0 = Debug|Win32
		{71448DCA-B1AA-4E05-B34F-B5A5C4F13039}.Release|x64.ActiveCfg = Release|x64
		{71448DCA-B1AA-4E05-B34F-B5A5C4F13039}.Release|x64.Build.0 = Release|x64
		{71448DCA-B1AA-4E05-B34F-B5A5C4F13039}.Release|x86.ActiveCfg = Release|Win32
		{71448DCA-B1AA-4E05-B34F-B5A5C4F13039}.Release|x86.Build.0 = Release|Win32
		{4C0663B5-060E-4870-8079-D230AC8D0A62}.Debug|x64.ActiveCfg = Debug|x64
		{4C0663B5-060E-4870-8079-D230AC8D0A62}.Debug|x64.Build.0 = Debug|x64
		{4C0663B5-060E-4870-8079-D230AC8D0A62}.Debug|x86.ActiveCfg = Debug|Win32
		{4C0663B5-060E-4870-8079-D230AC8D0A62}.Debug|x86.Build.0 = Debug|Win32
		{4C0663B5-060E-4870-8079-D230AC8D0A62}.Release|x64.ActiveCfg = Release|x64
		{4C0663B5-060E-4870-8079-D230AC8D0A62}.Release|x64.Build.0 = Release|x64
		{4C0663B5-060E-4870-8079-D230AC8D0A62}.Release|x86.ActiveCfg = Release|Win32
		{4C0663B5-060E-4870-8079-D230AC8D0A62}.Release|x86.Build.0 = Release|Win32
		{128A7A1F-2989-488A-938D-37C9B7562B61}.Debug|x64.ActiveCfg = Debug|x64
		{128A7A1F-2989-488A-938D-37C9B7562B61}.Debug|x64.Build.0 = Debug|x64
		{128A7A1F-2989-488A-938D-37C9B7562B61}.Debug|x86.ActiveCfg = Debug|Win32
		{128A7A1F-2989-488A-938D-37C9B7562B61}.Debug|x86.Build.0 = Debug|Win32
		{128A7A1F-2989-488A-938D-37C9B7562B61}.Release|x64.ActiveCfg = Release|x64
		{128A7A1F-2989-488A-938D-37C9B7562B61}.Release|x64.Build.0 = Release|x64
		{128A7A1F-2989-488A-938D-37C9B7562B61}.Release|x86.ActiveCfg = Release|Win32
		{128A7A1F-2989-488A-938D-37C9B7562B61}.Release|x86.Build.0 = Release|Win32
		{F89DBDE3-75BA-47CB-86FF-CB0CEE06AD1A}.Debug|x64.ActiveCfg = Debug|x64
		{F89DBDE3-75BA-47CB-86FF-CB0CEE06AD1A}.Debug|x64.Build.0 = Debug|x64
		{F89DBDE3-75BA-47CB-86FF-CB0CEE06AD1A}.Debug|x86.ActiveCfg = Debug|Win32
		{F89DBDE3-75BA-47CB-86FF-CB0CEE06AD1A}.Debug|x86.Build.0 = Debug|Win32
		{F89DBDE3-75BA-47CB-86FF-CB0CEE06AD1A}.Release|x64.ActiveCfg = Release|x64
		{F89DBDE3-75BA-47CB-86FF-CB0CEE06AD1A}.Release|x64.Build.0 = Release|x64
		{F89DBDE3-75BA-47CB-86FF-CB0CEE06AD1A}.Release|x86.ActiveCfg = Release|Win32
		{F89DBDE3-75BA-47CB-86FF-CB0CEE06AD1A}.Release|x86.Build.0 = Release|Win32
		{6D20914F-25E4-4536-8C93-721674F9DF24}.Debug|x64.ActiveCfg = Debug|x64
		{6D20914F-25E4-4536-8C93-721674F9DF24}.Debug|x64.Build.0 = Debug|x64
		{6D20914F-25E4-4536-8C93-721674F9DF24}.Debug|x86.ActiveCfg = Debug|Win32
		{6D20914F-25E4-4536-8C93-721674F9DF24}.Debug|x86.Build.0 = Debug|Win32
		{6D20914F-25E4-4536-8C93-721674F9DF24}.Release|x64.ActiveCfg = Release|x64
		{6D20914F-25E4-4536-8C93-721674F9DF24}.Release|x64.Build.0 = Release|x64
		{6D20914F-25E4-4536-8C93-721674F9DF24}.Release|x86.ActiveCfg = Release|Win32
		{6D20914F-25E4-4536-8C93-721674F9DF24}.Release|x86.Build.0 = Release|Win32
		{C27BE977-3B2D-40DC-8A0B-E34AB3A13514}.Debug|x64.ActiveCfg = Debug|x64
		{C27BE977-3B2D-40DC-8A0B-E34AB3A13514}.Debug|x64.Build.0 = Debug|x64
		{C27BE977-3B2D-40DC-8A0B-E34AB3A13514}.Debug|x86.ActiveCfg = Debug|Win32
		{C27BE977-3B2D-40DC-8A0B-E34AB3A13514}.Debug|x86.Build.0 = Debug|Win32
		{C27BE977-3B2D-40DC-8A0B-E34AB3A13514}.Release|x64.ActiveCfg = Release|x64
		{C27BE977-3B2D-40DC-8A0B-E34AB3A13514}.Release|x64.Build.0 = Release|x64
		{C27BE977-3B2D-40DC-8A0B-E34AB3A13514}.Release|x86.ActiveCfg = Release|Win32
		{C27BE977-3B2D-40DC-8A0B-E34AB3A13514}.Release|x86.Build.0 = Release|Win32
		{429C8057-7AD8-4CB8-B661-8B2414BB7682}.Debug|x64.ActiveCfg = Debug|x64
		{429C8057-7AD8-4CB8-B661-8B2414BB7682}.Debug|x64.Build.0 = Debug|x64
		{429C8057-7AD8-4CB8-B661-8B2414BB7682}.Debug|x86.ActiveCfg = Debug|Win32
		{429C8057-7AD8-4CB8-B661-8B2414BB7682}.Debug|x86.Build.0 = Debug|Win32
		{429C8057-7AD8-4CB8-B661-8B2414BB7682}.Release|x64.ActiveCfg = Release|x64
		{429C8057-7AD8-4CB8-B661-8B2414BB7682}.Release|x64.Build.0 = Release|x64
		{429C8057-7AD8-4CB8-B661-8B2414BB7682}.Release|x86.ActiveCfg = Release|Win32
		{429C8057-7AD8-4CB8-B661-8B2414BB7682}.Release|x86.Build.0 = Release|Win32
		{9F02B372-E178-4614-8809-630D9B372E23}.Debug|x64.ActiveCfg = Debug|x64
		{9F02B372-E178-4614-8809-630D9B372E23}.Debug|x64.Build.0 = Debug|x64
		{9F02B372-E178-4614-8809-630D9B372E23}.Debug|x86.ActiveCfg = Debug|Win32
		{9F02B372-E178-4614-8809-630D9B372E23}.Debug|x86.Build.0 = Debug|Win32
		{9F02B372-E178-4614-8809-630D9B372E23}.Release|x64.ActiveCfg = Release|x64
		{9F02B372-E178-4614-8809-630D9B372E23}.Release|x64.Build.0 = Release|x64
		{9F02B372-E178-4614-8809-630D9B372E23}.Release|x86.ActiveCfg = Release|Win32
		{9F02B372-E178-4614-8809-630D9B372E23}.Release|x86.Build.0 = Release|Win32
		{D97B90DD-72D2-4B2A-8CF1-AF69CCCC1E45}.Debug|x64.ActiveCfg = Debug|x64
		{D97B90DD-72D2-4B2A-8CF1-AF69CCCC1E45}.Debug|x64.Build.0 = Debug|x64
		{D97B90DD-72D2-4B2A-8CF1-AF69CCCC1E45}.Debug|x86.ActiveCfg = Debug|Win32
		{D97B90DD-72D2-4B2A-8CF1-AF69CCCC1E45}.Debug|x86.Build.0 = Debug|Win32
		{D97B90DD-72D2-4B2A-8CF1-AF69CCCC1E45}.Release|x64.ActiveCfg = Release|x64
		{D97B90DD-72D2-4B2A-8CF1-AF69CCCC1E45}.Release|x64.Build.0 = Release|x64
		{D97B90DD-72D2-4B2A-8CF1-AF69CCCC1E45}.Release|x86.ActiveCfg = Release|Win32
		{D97B90DD-72D2-4B2A-8CF1-AF69CCCC1E45}.Release|x86.Build.0 = Release|Win32
		{BEAD2F12-8C1E-450F-A53B-066AACE1EDF8}.Debug|x64.ActiveCfg = Debug|x64
		{BEAD2F12-8C1E-450F-A53B-066AACE1EDF8}.Debug|x64.Build.0 = Debug|x64
		{BEAD2F12-8C1E-450F-A53B-066AACE1EDF8}.Debug|x86.ActiveCfg = Debug|Win32
		{BEAD2F12-8C1E-450F-A53B-066AACE1EDF8}.Debug|x86.Build.0 = Debug|Win32
		{BEAD2F12-8C1E-450F-A53B-066AACE1EDF8}.Release|x64.ActiveCfg = Release|x64
		{BEAD2F12-8C1E-450F-A53B-066AACE1EDF8}.Release|x64.Build.0 = Release|x64
		{BEAD2F12-8C1E-450F-A53B-066AACE1EDF8}.Release|x86.ActiveCfg = Release|Win32
		{BEAD2F12-8C1E-450F-A53B-066AACE1EDF8}.Release|x86.Build.0 = Release|Win32
		{572B677A-0B49-4BD6-9D7D-FBA60B1ECDBA}.Debug|x64.ActiveCfg = Debug|x64
		{572B677A-0B49-4BD6-9D7D-FBA60B1ECDBA}.Debug|x64.Build.0 = Debug|x64
		{572B677A-0B49-4BD6-9D7D-FBA60B1ECDBA}.Debug|x86.ActiveCfg = Debug|Win32
		{572B677A-0B49-4BD6-9D7D-FBA60B1ECDBA}.Debug|x86.Build.0 = Debug|Win32
		{572B677A-0B49-4BD6-9D7D-FBA60B1ECDBA}.Release|x64.ActiveCfg = Release|x64
		{572B677A-0B49-4BD6-9D7D-FBA60B1ECDBA}.Release|x64.Build.0 = Release|x64
		{572B677A-0B49-4BD6-9D7D-FBA60B1ECDBA}.Release|x86.ActiveCfg = Release|Win32
		{572B677A-0B49-4BD6-9D7D-FBA60B1ECDBA}.Release|x86.Build.0 = Release|Win32
		{5FF41788-51A6-498C-857B-236C40AF1448}.Debug|x64.ActiveCfg = Debug|x64
		{5FF41788-51A6-498C-857B-236C40AF1448}.Debug|x64.Build.0 = Debug|x64
		{5FF41788-51A6-498C-857B-236C40AF1448}.Debug|x86.ActiveCfg = Debug|Win32
		{5FF41788-51A6-498C-857B-236C40AF1448}.Debug|x86.Build.0 = Debug|Win32
		{5FF41788-51A6-498C-857B-236C40AF1448}.Release|x64.ActiveCfg = Release|x64
		{5FF41788-51A6-498C-857B-236C40AF1448}.Release|x64.Build.0 = Release|x64
		{5FF41788-51A6-498C-857B-236C40AF1448}.Release|x86.ActiveCfg = Release|Win32
		{5FF41788-51A6-498C-857B-236C40AF1448}.Release|x86.Build.0 = Release|Win32
		{0E499B39-BF69-46A1-A4B1-3BFC791F2976}.Debug|x64.ActiveCfg = Debug|x64
		{0E499B39-BF69-46A1-A4B1-3BFC791F2976}.Debug|x64.Build.0 = Debug|x64
		{0E499B39-BF69-46A1-A4B1-3BFC791F2976}.Debug|x86.ActiveCfg = Debug|Win32
		{0E499B39-BF69-46A1-A4B1-3BFC791F2976}.Debug|x86.Build.0 = Debug|Win32
		{0E499B39-BF69-46A1-A4B1-3BFC791F2976}.Release|x64.ActiveCfg = Release|x64
		{0E499B39-BF69-46A1-A4B1-3BFC791F2976}.Release|x64.Build.0 = Release|x64
		{0E499B39-BF69-46A1-A4B1-3BFC791F2976}.Release|x86.ActiveCfg = Release|Win32
		{0E499B39-BF69-46A1-A4B1-3BFC791F2976}.Release|x86.Build.0 = Release|Win32
		{7FC597F3-9D1A-4C41-A51C-E839EFB557C9}.Debug|x64.ActiveCfg = Debug|x64
		{7FC597F3-9D1A-4C41-A51C-E839EFB557C9}.Debug|x64.Build.0 = Debug|x64
		{7FC597F3-9D1A-4C41-A51C-E839EFB557C9}.Debug|x86.ActiveCfg = Debug|Win32
		{7FC597F3-9D1A-4C41-A51C-E839EFB557C9}.Debug|x86.Build.0 = Debug|Win32
		{7FC597F3-9D1A-4C41-A51C-E839EFB557C9}.Release|x64.ActiveCfg = Release|x64
		{7FC597F3-9D1A-4C41-A51C-E839EFB557C9}.Release|x64.Build.0 = Release|x64
		{7FC597F3-9D1A-4C41-A51C-E839EFB557C9}.Release|x86.ActiveCfg = Release|Win32
		{7FC597F3-9D1A-4C41-A51C-E839EFB557C9}.Release|x86.Build.0 = Release|Win32
		{DF02E245-2DB6-4F75-A317-FC234090F2F5}.Debug|x64.ActiveCfg = Debug|x64
		{DF02E245-2DB6-4F75-A317-FC234090F2F5}.Debug|x64.Build.0 = Debug|x64
		{DF02E245-2DB6-4F75-A317-FC234090F2F5}.Debug|x86.ActiveCfg = Debug|Win32
		{DF02E245-2DB6-4F75-A317-FC234090F2F5}.Debug|x86.Build.0 = Debug|Win32
		{DF02E245-2DB6-4F75-A317-FC234090F2F5}.Release|x64.ActiveCfg = Release|x64
		{DF02E245-2DB6-4F75-A317-FC234090F2F5}.Release|x64.Build.0 = Release|x64
		{DF02E245-2DB6-4F75-A317-FC234090F2F5}.Release|x86.ActiveCfg = Release|Win32
		{DF02E245-2DB6-4F75-A317-FC234090F2F5}.Release|x86.Build.0 = Release|Win32
		{AC25A3CC-D274-4A6C-86CC-8066E6ACCC2C}.Debug|x64.ActiveCfg = Debug|x64
		{AC25A3CC-D274-4A6C-86CC-8066E6ACCC2C}.Debug|x64.Build.0 = Debug|x64
		{AC25A3CC-D274-4A6C-86CC-8066E6ACCC2C}.Debug|x86.ActiveCfg = Debug|Win32
		{AC25A3CC-D274-4A6C-86CC-8066E6ACCC2C}.Debug|x86.Build.0 = Debug|Win32
		{AC25A3CC-D274-4A6C-86CC-8066E6ACCC2C}.Release|x64.ActiveCfg = Release|x64
		{AC25A3CC-D274-4A6C-86CC-8066E6ACCC2C}.Release|x64.Build.0 = Release|x64
		{AC25A3CC-D274-4A6C-86CC-8066E6ACCC2C}.Release|x86.ActiveCfg = Release|Win32
		{AC25A3CC-D274-4A6C-86CC-8066E6ACCC2C}.Release|x86.Build.0 = Release|Win32
		{83E6365A-9D25-497E-8683-9BE7A82CCE4C}.Debug|x64.ActiveCfg = Debug|x64
		{83E6365A-9D25-497E-8683-9BE7A82CCE4C}.Debug|x64.Build.0 = Debug|x64
		{83E6365A-9D25-497E-8683-9BE7A82CCE4C}.Debug|x86.ActiveCfg = Debug|Win32
		{83E6365A-9D25-497E-8683-9BE7A82CCE4C}.Debug|x86.Build.0 = Debug|Win32
		{83E6365A-9D25-497E-8683-9BE7A82CCE4C}.Release|x64.ActiveCfg = Release|x64
		{83E6365A-9D25-497E-8683-9BE7A82CCE4C}.Release|x64.Build.0 = Release|x64
		{83E6365A-9D25-497E-8683-9BE7A82CCE4C}.Release|x86.ActiveCfg = Release|Win32
		{83E6365A-9D25-497E-8683-9BE7A82CCE4C}.Release|x86.Build.0 = Release|Win32
		{1444588A-E1EC-4EE2-9FEB-1E6FB6AD49B6}.Debug|x64.ActiveCfg = Debug|x64
		{1444588A-E1EC-4EE2-9FEB-1E6FB6AD49B6}.Debug|x64.Build.0 = Debug|x64
		{1444588A-E1EC-4EE2-9FEB-1E6FB6AD49B6}.Debug|x86.ActiveCfg = Debug|Win32
		{1444588A-E1EC-4EE2-9FEB-1E6FB6AD49B6}.Debug|x86.Build.0 = Debug|Win32
		{1444588A-E1EC-4EE2-9FEB-1E6FB6AD49B6}.Release|x64.ActiveCfg = Release|x64
		{1444588A-E1EC-4EE2-9FEB-1E6FB6AD49B6}.Release|x64.Build.0 = Release|x64
		{1444588A-E1EC-4EE2-9FEB-1E6FB6AD49B6}.Release|x86.ActiveCfg = Release|Win32
		{1444588A-E1EC-4EE2-9FEB-1E6FB6AD49B6}.Release|x86.Build.0 = Release|Win32
		{5D9D6788-7CE4-4F43-A241-87ECEC88B3F7}.Debug|x64.ActiveCfg = Debug|x64
		{5D9D6788-7CE4-4F43-A241-87ECEC88B3F7}.Debug|x64.Build.0 = Debug|x64
		{5D9D6788-7CE4-4F43-A241-87ECEC88B3F7}.Debug|x86.ActiveCfg = Debug|Win32
		{5D9D6788-7CE4-4F43-A241-87ECEC88B3F7}.Debug|x86.Build.0 = Debug|Win32
		{5D9D6788-7CE4-4F43-A241-87ECEC88B3F7}.Release|x64.ActiveCfg = Release|x64
		{5D9D6788-7CE4-4F43-A241-87ECEC88B3F7}.Release|x64.Build.0 = Release|x64
		{5D9D6788-7CE4-4F43-A241-87ECEC88B3F7}.Release|x86.ActiveCfg = Release|Win32
		{5D9D6788-7CE4-4F43-A241-87ECEC88B3F7}.Release|x86.Build.0 = Release|Win32
	EndGlobalSection
	GlobalSection(SolutionProperties) = preSolution
		HideSolutionNode = FALSE
	EndGlobalSection
	GlobalSection(NestedProjects) = preSolution
		{3E669213-E3B2-4BA7-87A0-7E4F19BA4391} = {548D3E26-4C80-44EC-81D8-C7FC5748829F}
		{14E04D83-A08F-4D9C-923D-FEDD3B535BBC} = {548D3E26-4C80-44EC-81D8-C7FC5748829F}
		{61F15B91-5B0A-487B-9B79-0C1F93027C8B} = {548D3E26-4C80-44EC-81D8-C7FC5748829F}
		{87588CC4-8E09-49A0-A4F8-32774951ECBC} = {548D3E26-4C80-44EC-81D8-C7FC5748829F}
		{9D878DE8-EF5D-4FEB-B168-A2DA4A08EFD5} = {548D3E26-4C80-44EC-81D8-C7FC5748829F}
		{D04B46C2-8045-4AA9-8E2F-B1EE359CED78} = {548D3E26-4C80-44EC-81D8-C7FC5748829F}
		{9C25B504-9C2B-4DF7-9C46-C3319FCAAB7E} = {548D3E26-4C80-44EC-81D8-C7FC5748829F}
		{37990488-9EDB-43CE-8EE2-B7E478DEC529} = {EE64CEF7-B6BC-4C30-BB44-132CB40B30E0}
		{F7AEABA2-2E8C-4B3F-910D-29B935087860} = {EE64CEF7-B6BC-4C30-BB44-132CB40B30E0}
		{F3F017FF-0CB5-4FB8-8A9E-690F735D571A} = {EE64CEF7-B6BC-4C30-BB44-132CB40B30E0}
		{4D0B1AE8-59F8-4C3C-B535-C99797782612} = {EE64CEF7-B6BC-4C30-BB44-132CB40B30E0}
		{E0242F7C-5197-4BE5-96CB-D15C265F53CC} = {EE64CEF7-B6BC-4C30-BB44-132CB40B30E0}
		{FA02001E-9418-43B0-B729-418B9E152635} = {EE64CEF7-B6BC-4C30-BB44-132CB40B30E0}
		{14C86BFD-8C9D-4BDF-B76E-71F874751665} = {EE64CEF7-B6BC-4C30-BB44-132CB40B30E0}
		{3E3B2966-76C2-4EF2-8EF5-31D7F561541E} = {EE64CEF7-B6BC-4C30-BB44-132CB40B30E0}
		{5C4CA9E8-1428-4268-8870-14B3051A9E12} = {EE64CEF7-B6BC-4C30-BB44-132CB40B30E0}
		{BB62A2DB-BB7D-42C2-9B8C-A7946E67C77F} = {EE64CEF7-B6BC-4C30-BB44-132CB40B30E0}
		{3D6285C4-1EEF-4A22-AC69-825946BB37E3} = {EE64CEF7-B6BC-4C30-BB44-132CB40B30E0}
		{8E4518FC-8610-456E-AC16-E2BC7608F29A} = {EE64CEF7-B6BC-4C30-BB44-132CB40B30E0}
		{EEDFE64C-B228-45E2-BAB8-7B43EDB3CBC5} = {EE64CEF7-B6BC-4C30-BB44-132CB40B30E0}
		{B11075BD-768B-42CD-99C7-6BAA854C8D6A} = {EE64CEF7-B6BC-4C30-BB44-132CB40B30E0}
		{BE0AA11B-EE90-4A8E-8987-024A8932BA25} = {EE64CEF7-B6BC-4C30-BB44-132CB40B30E0}
		{8C03DC91-A7C8-401C-BE2A-2166FE3365F1} = {D0B2694D-A147-45C3-B3D6-85126858619C}
		{0B19C18F-6FD8-4393-86A4-2C3A20B61A95} = {D0B2694D-A147-45C3-B3D6-85126858619C}
		{8CC6A2B3-F917-4521-865C-3A234BC78125} = {D0B2694D-A147-45C3-B3D6-85126858619C}
		{653FEB07-A6B3-4628-821E-81031F89DDBF} = {D0B2694D-A147-45C3-B3D6-85126858619C}
		{63C2E399-6309-4024-A2FD-8EEBEED94FE5} = {EE64CEF7-B6BC-4C30-BB44-132CB40B30E0}
		{71448DCA-B1AA-4E05-B34F-B5A5C4F13039} = {29763CE8-7A17-4583-A9C4-B6383C99CE25}
		{128A7A1F-2989-488A-938D-37C9B7562B61} = {29763CE8-7A17-4583-A9C4-B6383C99CE25}
		{F89DBDE3-75BA-47CB-86FF-CB0CEE06AD1A} = {29763CE8-7A17-4583-A9C4-B6383C99CE25}
		{6D20914F-25E4-4536-8C93-721674F9DF24} = {29763CE8-7A17-4583-A9C4-B6383C99CE25}
		{C27BE977-3B2D-40DC-8A0B-E34AB3A13514} = {29763CE8-7A17-4583-A9C4-B6383C99CE25}
		{429C8057-7AD8-4CB8-B661-8B2414BB7682} = {29763CE8-7A17-4583-A9C4-B6383C99CE25}
		{9F02B372-E178-4614-8809-630D9B372E23} = {29763CE8-7A17-4583-A9C4-B6383C99CE25}
		{D97B90DD-72D2-4B2A-8CF1-AF69CCCC1E45} = {0B76CA73-7B9B-4CCE-844F-2801422CEEE2}
		{BEAD2F12-8C1E-450F-A53B-066AACE1EDF8} = {0B76CA73-7B9B-4CCE-844F-2801422CEEE2}
		{572B677A-0B49-4BD6-9D7D-FBA60B1ECDBA} = {0B76CA73-7B9B-4CCE-844F-2801422CEEE2}
		{5FF41788-51A6-498C-857B-236C40AF1448} = {0B76CA73-7B9B-4CCE-844F-2801422CEEE2}
		{0E499B39-BF69-46A1-A4B1-3BFC791F2976} = {0B76CA73-7B9B-4CCE-844F-2801422CEEE2}
		{7FC597F3-9D1A-4C41-A51C-E839EFB557C9} = {0B76CA73-7B9B-4CCE-844F-2801422CEEE2}
		{DF02E245-2DB6-4F75-A317-FC234090F2F5} = {0B76CA73-7B9B-4CCE-844F-2801422CEEE2}
		{AC25A3CC-D274-4A6C-86CC-8066E6ACCC2C} = {1927D001-B13D-496C-B85A-E280D79F5F61}
		{83E6365A-9D25-497E-8683-9BE7A82CCE4C} = {1927D001-B13D-496C-B85A-E280D79F5F61}
		{1444588A-E1EC-4EE2-9FEB-1E6FB6AD49B6} = {F42AB348-70EE-46C8-B2D2-9A2A861A48BE}
		{5D9D6788-7CE4-4F43-A241-87ECEC88B3F7} = {F42AB348-70EE-46C8-B2D2-9A2A861A48BE}
	EndGlobalSection
	GlobalSection(ExtensibilityGlobals) = postSolution
		SolutionGuid = {E6021469-2D3D-4990-9019-4203540FDFE7}
	EndGlobalSection
EndGlobal
